{
  "version": 4,
  "terraform_version": "1.16.2",
  "serial": 21,
  "lineage": "bb3e4c63-9d32-f444-470d-32243af32a64",
  "outputs": {
    "haproxy_public_ip": {
      "value": "15.206.70.250",
      "type": "string"
    },
    "inference_server_private_ip": {
      "value": "10.0.2.205",
      "type": "string"
    },
    "ssh_command_bastion": {
      "value": "ssh -i sparklehood-dev-key.pem ubuntu@15.206.70.250",
      "type": "string"
    },
    "ssh_command_inference": {
      "value": "ssh -i sparklehood-dev-key.pem -J ubuntu@15.206.70.250 ubuntu@10.0.2.205",
      "type": "string"
    }
  },
  "resources": [
    {
      "mode": "data",
      "type": "aws_ami",
      "name": "dlami",
      "provider": "provider[\"registry.terraform.io/hashicorp/aws\"]",
      "instances": [
        {
          "schema_version": 0,
          "attributes": {
            "architecture": "x86_64",
            "arn": "arn:aws:ec2:ap-south-1::image/ami-0eb5a4f0d81f671e3",
            "block_device_mappings": [
              {
                "device_name": "/dev/sda1",
                "ebs": {
                  "delete_on_termination": "true",
                  "encrypted": "false",
                  "iops": "3000",
                  "snapshot_id": "snap-0aa630718d8afddb2",
                  "throughput": "125",
                  "volume_initialization_rate": "0",
                  "volume_size": "40",
                  "volume_type": "gp3"
                },
                "no_device": "",
                "virtual_name": ""
              },
              {
                "device_name": "/dev/sdb",
                "ebs": {},
                "no_device": "",
                "virtual_name": "ephemeral0"
              },
              {
                "device_name": "/dev/sdc",
                "ebs": {},
                "no_device": "",
                "virtual_name": "ephemeral1"
              }
            ],
            "boot_mode": "uefi-preferred",
            "creation_date": "2026-04-28T15:00:36.000Z",
            "deprecation_time": "2028-04-28T15:00:36.000Z",
            "description": "Supported EC2 instances: G4dn, G5, G6, Gr6, G6e, P4, P4de, P5, P5e, P5en, P6-B200. Release notes: https://docs.aws.amazon.com/dlami/latest/devguide/appendix-ami-release-notes.html",
            "ena_support": true,
            "executable_users": null,
            "filter": [
              {
                "name": "architecture",
                "values": [
                  "x86_64"
                ]
              },
              {
                "name": "name",
                "values": [
                  "Deep Learning OSS Nvidia Driver AMI GPU PyTorch * (Ubuntu 22.04)*"
                ]
              }
            ],
            "hypervisor": "xen",
            "id": "ami-0eb5a4f0d81f671e3",
            "image_id": "ami-0eb5a4f0d81f671e3",
            "image_location": "amazon/Deep Learning OSS Nvidia Driver AMI GPU PyTorch 2.7 (Ubuntu 22.04) 20260427",
            "image_owner_alias": "amazon",
            "image_type": "machine",
            "imds_support": "",
            "include_deprecated": false,
            "kernel_id": "",
            "last_launched_time": "",
            "most_recent": true,
            "name": "Deep Learning OSS Nvidia Driver AMI GPU PyTorch 2.7 (Ubuntu 22.04) 20260427",
            "name_regex": null,
            "owner_id": "898082745236",
            "owners": [
              "amazon"
            ],
            "platform": "",
            "platform_details": "Linux/UNIX",
            "product_codes": [],
            "public": true,
            "ramdisk_id": "",
            "root_device_name": "/dev/sda1",
            "root_device_type": "ebs",
            "root_snapshot_id": "snap-0aa630718d8afddb2",
            "sriov_net_support": "simple",
            "state": "available",
            "state_reason": {
              "code": "UNSET",
              "message": "UNSET"
            },
            "tags": {},
            "timeouts": null,
            "tpm_support": "",
            "uefi_data": null,
            "usage_operation": "RunInstances",
            "virtualization_type": "hvm"
          },
          "sensitive_attributes": [],
          "identity_schema_version": 0
        }
      ]
    },
    {
      "mode": "data",
      "type": "aws_ami",
      "name": "ubuntu",
      "provider": "provider[\"registry.terraform.io/hashicorp/aws\"]",
      "instances": [
        {
          "schema_version": 0,
          "attributes": {
            "architecture": "x86_64",
            "arn": "arn:aws:ec2:ap-south-1::image/ami-07dfe2c11d33a069a",
            "block_device_mappings": [
              {
                "device_name": "/dev/sda1",
                "ebs": {
                  "delete_on_termination": "true",
                  "encrypted": "false",
                  "iops": "0",
                  "snapshot_id": "snap-097d4ecc21e6536c9",
                  "throughput": "0",
                  "volume_initialization_rate": "0",
                  "volume_size": "8",
                  "volume_type": "gp2"
                },
                "no_device": "",
                "virtual_name": ""
              },
              {
                "device_name": "/dev/sdb",
                "ebs": {},
                "no_device": "",
                "virtual_name": "ephemeral0"
              },
              {
                "device_name": "/dev/sdc",
                "ebs": {},
                "no_device": "",
                "virtual_name": "ephemeral1"
              }
            ],
            "boot_mode": "uefi-preferred",
            "creation_date": "2026-09-04T08:02:13.000Z",
            "deprecation_time": "2028-09-04T08:02:13.000Z",
            "description": "Canonical, Ubuntu, 22.04, amd64 jammy image",
            "ena_support": true,
            "executable_users": null,
            "filter": [
              {
                "name": "name",
                "values": [
                  "ubuntu/images/hvm-ssd/ubuntu-jammy-22.04-amd64-server-*"
                ]
              },
              {
                "name": "virtualization-type",
                "values": [
                  "hvm"
                ]
              }
            ],
            "hypervisor": "xen",
            "id": "ami-07dfe2c11d33a069a",
            "image_id": "ami-07dfe2c11d33a069a",
            "image_location": "amazon/ubuntu/images/hvm-ssd/ubuntu-jammy-22.04-amd64-server-20260904",
            "image_owner_alias": "amazon",
            "image_type": "machine",
            "imds_support": "",
            "include_deprecated": false,
            "kernel_id": "",
            "last_launched_time": "",
            "most_recent": true,
            "name": "ubuntu/images/hvm-ssd/ubuntu-jammy-22.04-amd64-server-20260904",
            "name_regex": null,
            "owner_id": "099720109477",
            "owners": [
              "099720109477"
            ],
            "platform": "",
            "platform_details": "Linux/UNIX",
            "product_codes": [],
            "public": true,
            "ramdisk_id": "",
            "root_device_name": "/dev/sda1",
            "root_device_type": "ebs",
            "root_snapshot_id": "snap-097d4ecc21e6536c9",
            "sriov_net_support": "simple",
            "state": "available",
            "state_reason": {
              "code": "UNSET",
              "message": "UNSET"
            },
            "tags": {},
            "timeouts": null,
            "tpm_support": "",
            "uefi_data": null,
            "usage_operation": "RunInstances",
            "virtualization_type": "hvm"
          },
          "sensitive_attributes": [],
          "identity_schema_version": 0
        }
      ]
    },
    {
      "mode": "managed",
      "type": "aws_ecr_repository",
      "name": "app_repo",
      "provider": "provider[\"registry.terraform.io/hashicorp/aws\"]",
      "instances": [
        {
          "schema_version": 0,
          "attributes": {
            "arn": "arn:aws:ecr:ap-south-1:663844206915:repository/ticket-summarization-app",
            "encryption_configuration": [
              {
                "encryption_type": "AES256",
                "kms_key": ""
              }
            ],
            "force_delete": null,
            "id": "ticket-summarization-app",
            "image_scanning_configuration": [
              {
                "scan_on_push": true
              }
            ],
            "image_tag_mutability": "MUTABLE",
            "name": "ticket-summarization-app",
            "registry_id": "663844206915",
            "repository_url": "663844206915.dkr.ecr.ap-south-1.amazonaws.com/ticket-summarization-app",
            "tags": {
              "Name": "ticket-summarization-ecr"
            },
            "tags_all": {
              "Environment": "dev",
              "ManagedBy": "Terraform",
              "Name": "ticket-summarization-ecr",
              "Project": "AI-Ticket-Summarization"
            },
            "timeouts": null
          },
          "sensitive_attributes": [],
          "identity_schema_version": 0,
          "private": "eyJlMmJmYjczMC1lY2FhLTExZTYtOGY4OC0zNDM2M2JjN2M0YzAiOnsiZGVsZXRlIjoxMjAwMDAwMDAwMDAwfX0="
        }
      ]
    },
    {
      "mode": "managed",
      "type": "aws_eip",
      "name": "nat",
      "provider": "provider[\"registry.terraform.io/hashicorp/aws\"]",
      "instances": [
        {
          "schema_version": 0,
          "attributes": {
            "address": null,
            "allocation_id": "eipalloc-0018c9f9ac1d8dc27",
            "arn": "arn:aws:ec2:ap-south-1:663844206915:elastic-ip/eipalloc-0018c9f9ac1d8dc27",
            "associate_with_private_ip": null,
            "association_id": "eipassoc-0c80bdc53f610cbf6",
            "carrier_ip": "",
            "customer_owned_ip": "",
            "customer_owned_ipv4_pool": "",
            "domain": "vpc",
            "id": "eipalloc-0018c9f9ac1d8dc27",
            "instance": "",
            "ipam_pool_id": null,
            "network_border_group": "ap-south-1",
            "network_interface": "eni-0c4580822efb07f64",
            "private_dns": "ip-10-0-1-62.ap-south-1.compute.internal",
            "private_ip": "10.0.1.62",
            "ptr_record": "",
            "public_dns": "ec2-13-205-101-92.ap-south-1.compute.amazonaws.com",
            "public_ip": "13.205.101.92",
            "public_ipv4_pool": "amazon",
            "tags": {},
            "tags_all": {
              "Environment": "dev",
              "ManagedBy": "Terraform",
              "Project": "AI-Ticket-Summarization"
            },
            "timeouts": null,
            "vpc": true
          },
          "sensitive_attributes": [],
          "identity_schema_version": 0,
          "private": "eyJlMmJmYjczMC1lY2FhLTExZTYtOGY4OC0zNDM2M2JjN2M0YzAiOnsiZGVsZXRlIjoxODAwMDAwMDAwMDAsInJlYWQiOjkwMDAwMDAwMDAwMCwidXBkYXRlIjozMDAwMDAwMDAwMDB9fQ=="
        }
      ]
    },
    {
      "mode": "managed",
      "type": "aws_instance",
      "name": "haproxy",
      "provider": "provider[\"registry.terraform.io/hashicorp/aws\"]",
      "instances": [
        {
          "schema_version": 1,
          "attributes": {
            "ami": "ami-07dfe2c11d33a069a",
            "arn": "arn:aws:ec2:ap-south-1:663844206915:instance/i-0dbdbec56345ad21a",
            "associate_public_ip_address": true,
            "availability_zone": "ap-south-1a",
            "capacity_reservation_specification": [
              {
                "capacity_reservation_preference": "open",
                "capacity_reservation_target": []
              }
            ],
            "cpu_core_count": 1,
            "cpu_options": [
              {
                "amd_sev_snp": "",
                "core_count": 1,
                "threads_per_core": 2
              }
            ],
            "cpu_threads_per_core": 2,
            "credit_specification": [
              {
                "cpu_credits": "unlimited"
              }
            ],
            "disable_api_stop": false,
            "disable_api_termination": false,
            "ebs_block_device": [],
            "ebs_optimized": false,
            "enable_primary_ipv6": null,
            "enclave_options": [
              {
                "enabled": false
              }
            ],
            "ephemeral_block_device": [],
            "get_password_data": false,
            "hibernation": false,
            "host_id": "",
            "host_resource_group_arn": null,
            "iam_instance_profile": "",
            "id": "i-0dbdbec56345ad21a",
            "instance_initiated_shutdown_behavior": "stop",
            "instance_lifecycle": "",
            "instance_market_options": [],
            "instance_state": "running",
            "instance_type": "t3.micro",
            "ipv6_address_count": 0,
            "ipv6_addresses": [],
            "key_name": "sparklehood-dev-key",
            "launch_template": [],
            "maintenance_options": [
              {
                "auto_recovery": "default"
              }
            ],
            "metadata_options": [
              {
                "http_endpoint": "enabled",
                "http_protocol_ipv6": "disabled",
                "http_put_response_hop_limit": 1,
                "http_tokens": "optional",
                "instance_metadata_tags": "disabled"
              }
            ],
            "monitoring": false,
            "network_interface": [],
            "outpost_arn": "",
            "password_data": "",
            "placement_group": "",
            "placement_partition_number": 0,
            "primary_network_interface_id": "eni-03d8c03aec40b6e6e",
            "private_dns": "ip-10-0-1-178.ap-south-1.compute.internal",
            "private_dns_name_options": [
              {
                "enable_resource_name_dns_a_record": false,
                "enable_resource_name_dns_aaaa_record": false,
                "hostname_type": "ip-name"
              }
            ],
            "private_ip": "10.0.1.178",
            "public_dns": "ec2-15-206-70-250.ap-south-1.compute.amazonaws.com",
            "public_ip": "15.206.70.250",
            "root_block_device": [
              {
                "delete_on_termination": true,
                "device_name": "/dev/sda1",
                "encrypted": false,
                "iops": 3000,
                "kms_key_id": "",
                "tags": {},
                "tags_all": {
                  "Environment": "dev",
                  "ManagedBy": "Terraform",
                  "Project": "AI-Ticket-Summarization"
                },
                "throughput": 125,
                "volume_id": "vol-05a34de33f128f4d0",
                "volume_size": 20,
                "volume_type": "gp3"
              }
            ],
            "secondary_private_ips": [],
            "security_groups": [],
            "source_dest_check": true,
            "spot_instance_request_id": "",
            "subnet_id": "subnet-0cd1ee77804f5ebaa",
            "tags": {
              "Name": "HAProxy-Bastion"
            },
            "tags_all": {
              "Environment": "dev",
              "ManagedBy": "Terraform",
              "Name": "HAProxy-Bastion",
              "Project": "AI-Ticket-Summarization"
            },
            "tenancy": "default",
            "timeouts": null,
            "user_data": null,
            "user_data_base64": null,
            "user_data_replace_on_change": false,
            "volume_tags": null,
            "vpc_security_group_ids": [
              "sg-09a7256d5db5beb48"
            ]
          },
          "sensitive_attributes": [],
          "identity_schema_version": 0,
          "private": "eyJlMmJmYjczMC1lY2FhLTExZTYtOGY4OC0zNDM2M2JjN2M0YzAiOnsiY3JlYXRlIjo2MDAwMDAwMDAwMDAsImRlbGV0ZSI6MTIwMDAwMDAwMDAwMCwicmVhZCI6OTAwMDAwMDAwMDAwLCJ1cGRhdGUiOjYwMDAwMDAwMDAwMH0sInNjaGVtYV92ZXJzaW9uIjoiMSJ9",
          "dependencies": [
            "aws_key_pair.generated_key",
            "aws_security_group.haproxy_sg",
            "aws_subnet.public",
            "aws_vpc.main",
            "data.aws_ami.ubuntu",
            "tls_private_key.ssh_key"
          ]
        }
      ]
    },
    {
      "mode": "managed",
      "type": "aws_instance",
      "name": "inference_server",
      "provider": "provider[\"registry.terraform.io/hashicorp/aws\"]",
      "instances": [
        {
          "schema_version": 1,
          "attributes": {
            "ami": "ami-07dfe2c11d33a069a",
            "arn": "arn:aws:ec2:ap-south-1:663844206915:instance/i-083366c71896633bf",
            "associate_public_ip_address": false,
            "availability_zone": "ap-south-1a",
            "capacity_reservation_specification": [
              {
                "capacity_reservation_preference": "open",
                "capacity_reservation_target": []
              }
            ],
            "cpu_core_count": 4,
            "cpu_options": [
              {
                "amd_sev_snp": "",
                "core_count": 4,
                "threads_per_core": 2
              }
            ],
            "cpu_threads_per_core": 2,
            "credit_specification": [],
            "disable_api_stop": false,
            "disable_api_termination": false,
            "ebs_block_device": [],
            "ebs_optimized": false,
            "enable_primary_ipv6": null,
            "enclave_options": [
              {
                "enabled": false
              }
            ],
            "ephemeral_block_device": [],
            "get_password_data": false,
            "hibernation": false,
            "host_id": "",
            "host_resource_group_arn": null,
            "iam_instance_profile": "",
            "id": "i-083366c71896633bf",
            "instance_initiated_shutdown_behavior": "stop",
            "instance_lifecycle": "",
            "instance_market_options": [],
            "instance_state": "running",
            "instance_type": "c6a.2xlarge",
            "ipv6_address_count": 0,
            "ipv6_addresses": [],
            "key_name": "sparklehood-dev-key",
            "launch_template": [],
            "maintenance_options": [
              {
                "auto_recovery": "default"
              }
            ],
            "metadata_options": [
              {
                "http_endpoint": "enabled",
                "http_protocol_ipv6": "disabled",
                "http_put_response_hop_limit": 1,
                "http_tokens": "optional",
                "instance_metadata_tags": "disabled"
              }
            ],
            "monitoring": false,
            "network_interface": [],
            "outpost_arn": "",
            "password_data": "",
            "placement_group": "",
            "placement_partition_number": 0,
            "primary_network_interface_id": "eni-0109b14801197958a",
            "private_dns": "ip-10-0-2-205.ap-south-1.compute.internal",
            "private_dns_name_options": [
              {
                "enable_resource_name_dns_a_record": false,
                "enable_resource_name_dns_aaaa_record": false,
                "hostname_type": "ip-name"
              }
            ],
            "private_ip": "10.0.2.205",
            "public_dns": "",
            "public_ip": "",
            "root_block_device": [
              {
                "delete_on_termination": true,
                "device_name": "/dev/sda1",
                "encrypted": false,
                "iops": 3000,
                "kms_key_id": "",
                "tags": null,
                "tags_all": {
                  "Environment": "dev",
                  "ManagedBy": "Terraform",
                  "Project": "AI-Ticket-Summarization"
                },
                "throughput": 125,
                "volume_id": "vol-093f3cc6e9755e02c",
                "volume_size": 50,
                "volume_type": "gp3"
              }
            ],
            "secondary_private_ips": [],
            "security_groups": [],
            "source_dest_check": true,
            "spot_instance_request_id": "",
            "subnet_id": "subnet-06ca209f0ce4edacb",
            "tags": {
              "Name": "Qwen-CPU-Inference"
            },
            "tags_all": {
              "Environment": "dev",
              "ManagedBy": "Terraform",
              "Name": "Qwen-CPU-Inference",
              "Project": "AI-Ticket-Summarization"
            },
            "tenancy": "default",
            "timeouts": null,
            "user_data": null,
            "user_data_base64": null,
            "user_data_replace_on_change": false,
            "volume_tags": null,
            "vpc_security_group_ids": [
              "sg-04b41caa470651ad1"
            ]
          },
          "sensitive_attributes": [],
          "identity_schema_version": 0,
          "private": "eyJlMmJmYjczMC1lY2FhLTExZTYtOGY4OC0zNDM2M2JjN2M0YzAiOnsiY3JlYXRlIjo2MDAwMDAwMDAwMDAsImRlbGV0ZSI6MTIwMDAwMDAwMDAwMCwicmVhZCI6OTAwMDAwMDAwMDAwLCJ1cGRhdGUiOjYwMDAwMDAwMDAwMH0sInNjaGVtYV92ZXJzaW9uIjoiMSJ9",
          "dependencies": [
            "aws_key_pair.generated_key",
            "aws_security_group.gpu_sg",
            "aws_security_group.haproxy_sg",
            "aws_subnet.private",
            "aws_vpc.main",
            "data.aws_ami.ubuntu",
            "tls_private_key.ssh_key"
          ]
        }
      ]
    },
    {
      "mode": "managed",
      "type": "aws_internet_gateway",
      "name": "igw",
      "provider": "provider[\"registry.terraform.io/hashicorp/aws\"]",
      "instances": [
        {
          "schema_version": 0,
          "attributes": {
            "arn": "arn:aws:ec2:ap-south-1:663844206915:internet-gateway/igw-0cc24cd522bf4fa63",
            "id": "igw-0cc24cd522bf4fa63",
            "owner_id": "663844206915",
            "tags": {
              "Name": "ai-summarization-igw"
            },
            "tags_all": {
              "Environment": "dev",
              "ManagedBy": "Terraform",
              "Name": "ai-summarization-igw",
              "Project": "AI-Ticket-Summarization"
            },
            "timeouts": null,
            "vpc_id": "vpc-0bc256da4afd8e718"
          },
          "sensitive_attributes": [],
          "identity_schema_version": 0,
          "private": "eyJlMmJmYjczMC1lY2FhLTExZTYtOGY4OC0zNDM2M2JjN2M0YzAiOnsiY3JlYXRlIjoxMjAwMDAwMDAwMDAwLCJkZWxldGUiOjEyMDAwMDAwMDAwMDAsInVwZGF0ZSI6MTIwMDAwMDAwMDAwMH19",
          "dependencies": [
            "aws_vpc.main"
          ]
        }
      ]
    },
    {
      "mode": "managed",
      "type": "aws_key_pair",
      "name": "generated_key",
      "provider": "provider[\"registry.terraform.io/hashicorp/aws\"]",
      "instances": [
        {
          "schema_version": 1,
          "attributes": {
            "arn": "arn:aws:ec2:ap-south-1:663844206915:key-pair/sparklehood-dev-key",
            "fingerprint": "5e:fc:47:01:ae:6f:79:4f:77:b0:a4:5b:3b:1a:75:85",
            "id": "sparklehood-dev-key",
            "key_name": "sparklehood-dev-key",
            "key_name_prefix": "",
            "key_pair_id": "key-099dd1d5dd4155407",
            "key_type": "rsa",
            "public_key": "ssh-rsa AAAAB3NzaC1yc2EAAAADAQABAAACAQDzWgUyeuB7Y0Cd2MieuqnTvMDtWu1lhTK7UyHwZwYOb/6a9NrfshA7NUa4p82hBNzAOVMVyfgldOtTHZu48YlFxRniEiLZb4OBTQsODEYBV8n9zn8nmVHtQiqmW4GpnLgu/okgvUvW1bqVOoHQRlL5XLqRIYnWQpuwvT9K+9IxrfJ4R4fucfPxekwf5LHqmyFuTthx2Xxa69dIYVEvtAtIapJicuuesdqbDXRmASWwJDG+2ZpH2inADCN6cIJjTpI9zGqSqHM5nkidU4j86whVfM6SCn92lCeWvwvTM0qgSm5XTHjPeHlMrAKX3Cy88WH36pE+zDffGvdSN4Gz6XkUlHp9qfiXFrm3ov3cJuUK2LGKCkuvUEUuA9Q4sOCp/IDd3HT3/FKx8XXiKMvagHAiCZIE6S7zzCdVkT2W9kHGAUUGfCbBGQk3yW54WAC85Dq7GrVdxxtLG/w7cseJPRCw1oUcpF1IeGdzbKoSqagQcDzIfTm5uimAehaLOIMKSgB+zIQuDpdosSy6a4uFDGNA+jylS+S+qGUQ+badEFCvUIYBoyGOVC0SQB6ypCtFbiwStcEb5er9TNMXowUVJNk+nv/Gz5pwL521L+Gd3Tb7QfHlU/7VzujXKFewSm/tM3WvZX6bVKHAtf8V167qoGi3iaoqVBnDydgAsn+mBEqK/Q==",
            "tags": {},
            "tags_all": {
              "Environment": "dev",
              "ManagedBy": "Terraform",
              "Project": "AI-Ticket-Summarization"
            }
          },
          "sensitive_attributes": [],
          "identity_schema_version": 0,
          "private": "eyJzY2hlbWFfdmVyc2lvbiI6IjEifQ==",
          "dependencies": [
            "tls_private_key.ssh_key"
          ]
        }
      ]
    },
    {
      "mode": "managed",
      "type": "aws_nat_gateway",
      "name": "nat",
      "provider": "provider[\"registry.terraform.io/hashicorp/aws\"]",
      "instances": [
        {
          "schema_version": 0,
          "attributes": {
            "allocation_id": "eipalloc-0018c9f9ac1d8dc27",
            "association_id": "eipassoc-0c80bdc53f610cbf6",
            "connectivity_type": "public",
            "id": "nat-0f16610fdac23ad41",
            "network_interface_id": "eni-0c4580822efb07f64",
            "private_ip": "10.0.1.62",
            "public_ip": "13.205.101.92",
            "secondary_allocation_ids": [],
            "secondary_private_ip_address_count": 0,
            "secondary_private_ip_addresses": [],
            "subnet_id": "subnet-0cd1ee77804f5ebaa",
            "tags": {
              "Name": "ai-summarization-nat"
            },
            "tags_all": {
              "Environment": "dev",
              "ManagedBy": "Terraform",
              "Name": "ai-summarization-nat",
              "Project": "AI-Ticket-Summarization"
            },
            "timeouts": null
          },
          "sensitive_attributes": [],
          "identity_schema_version": 0,
          "private": "eyJlMmJmYjczMC1lY2FhLTExZTYtOGY4OC0zNDM2M2JjN2M0YzAiOnsiY3JlYXRlIjo2MDAwMDAwMDAwMDAsImRlbGV0ZSI6MTgwMDAwMDAwMDAwMCwidXBkYXRlIjo2MDAwMDAwMDAwMDB9fQ==",
          "dependencies": [
            "aws_eip.nat",
            "aws_internet_gateway.igw",
            "aws_subnet.public",
            "aws_vpc.main"
          ]
        }
      ]
    },
    {
      "mode": "managed",
      "type": "aws_route_table",
      "name": "private",
      "provider": "provider[\"registry.terraform.io/hashicorp/aws\"]",
      "instances": [
        {
          "schema_version": 0,
          "attributes": {
            "arn": "arn:aws:ec2:ap-south-1:663844206915:route-table/rtb-02da120768786b7b6",
            "id": "rtb-02da120768786b7b6",
            "owner_id": "663844206915",
            "propagating_vgws": [],
            "route": [
              {
                "carrier_gateway_id": "",
                "cidr_block": "0.0.0.0/0",
                "core_network_arn": "",
                "destination_prefix_list_id": "",
                "egress_only_gateway_id": "",
                "gateway_id": "",
                "ipv6_cidr_block": "",
                "local_gateway_id": "",
                "nat_gateway_id": "nat-0f16610fdac23ad41",
                "network_interface_id": "",
                "transit_gateway_id": "",
                "vpc_endpoint_id": "",
                "vpc_peering_connection_id": ""
              }
            ],
            "tags": {
              "Name": "private-route-table"
            },
            "tags_all": {
              "Environment": "dev",
              "ManagedBy": "Terraform",
              "Name": "private-route-table",
              "Project": "AI-Ticket-Summarization"
            },
            "timeouts": null,
            "vpc_id": "vpc-0bc256da4afd8e718"
          },
          "sensitive_attributes": [],
          "identity_schema_version": 0,
          "private": "eyJlMmJmYjczMC1lY2FhLTExZTYtOGY4OC0zNDM2M2JjN2M0YzAiOnsiY3JlYXRlIjozMDAwMDAwMDAwMDAsImRlbGV0ZSI6MzAwMDAwMDAwMDAwLCJ1cGRhdGUiOjEyMDAwMDAwMDAwMH19",
          "dependencies": [
            "aws_eip.nat",
            "aws_internet_gateway.igw",
            "aws_nat_gateway.nat",
            "aws_subnet.public",
            "aws_vpc.main"
          ]
        }
      ]
    },
    {
      "mode": "managed",
      "type": "aws_route_table",
      "name": "public",
      "provider": "provider[\"registry.terraform.io/hashicorp/aws\"]",
      "instances": [
        {
          "schema_version": 0,
          "attributes": {
            "arn": "arn:aws:ec2:ap-south-1:663844206915:route-table/rtb-0888edc72355f138f",
            "id": "rtb-0888edc72355f138f",
            "owner_id": "663844206915",
            "propagating_vgws": [],
            "route": [
              {
                "carrier_gateway_id": "",
                "cidr_block": "0.0.0.0/0",
                "core_network_arn": "",
                "destination_prefix_list_id": "",
                "egress_only_gateway_id": "",
                "gateway_id": "igw-0cc24cd522bf4fa63",
                "ipv6_cidr_block": "",
                "local_gateway_id": "",
                "nat_gateway_id": "",
                "network_interface_id": "",
                "transit_gateway_id": "",
                "vpc_endpoint_id": "",
                "vpc_peering_connection_id": ""
              }
            ],
            "tags": {
              "Name": "public-route-table"
            },
            "tags_all": {
              "Environment": "dev",
              "ManagedBy": "Terraform",
              "Name": "public-route-table",
              "Project": "AI-Ticket-Summarization"
            },
            "timeouts": null,
            "vpc_id": "vpc-0bc256da4afd8e718"
          },
          "sensitive_attributes": [],
          "identity_schema_version": 0,
          "private": "eyJlMmJmYjczMC1lY2FhLTExZTYtOGY4OC0zNDM2M2JjN2M0YzAiOnsiY3JlYXRlIjozMDAwMDAwMDAwMDAsImRlbGV0ZSI6MzAwMDAwMDAwMDAwLCJ1cGRhdGUiOjEyMDAwMDAwMDAwMH19",
          "dependencies": [
            "aws_internet_gateway.igw",
            "aws_vpc.main"
          ]
        }
      ]
    },
    {
      "mode": "managed",
      "type": "aws_route_table_association",
      "name": "private",
      "provider": "provider[\"registry.terraform.io/hashicorp/aws\"]",
      "instances": [
        {
          "schema_version": 0,
          "attributes": {
            "gateway_id": "",
            "id": "rtbassoc-02992fba0e64e2f47",
            "route_table_id": "rtb-02da120768786b7b6",
            "subnet_id": "subnet-06ca209f0ce4edacb",
            "timeouts": null
          },
          "sensitive_attributes": [],
          "identity_schema_version": 0,
          "private": "eyJlMmJmYjczMC1lY2FhLTExZTYtOGY4OC0zNDM2M2JjN2M0YzAiOnsiY3JlYXRlIjozMDAwMDAwMDAwMDAsImRlbGV0ZSI6MzAwMDAwMDAwMDAwLCJ1cGRhdGUiOjEyMDAwMDAwMDAwMH19",
          "dependencies": [
            "aws_eip.nat",
            "aws_internet_gateway.igw",
            "aws_nat_gateway.nat",
            "aws_route_table.private",
            "aws_subnet.private",
            "aws_subnet.public",
            "aws_vpc.main"
          ]
        }
      ]
    },
    {
      "mode": "managed",
      "type": "aws_route_table_association",
      "name": "public",
      "provider": "provider[\"registry.terraform.io/hashicorp/aws\"]",
      "instances": [
        {
          "schema_version": 0,
          "attributes": {
            "gateway_id": "",
            "id": "rtbassoc-07fac5208616c1d4f",
            "route_table_id": "rtb-0888edc72355f138f",
            "subnet_id": "subnet-0cd1ee77804f5ebaa",
            "timeouts": null
          },
          "sensitive_attributes": [],
          "identity_schema_version": 0,
          "private": "eyJlMmJmYjczMC1lY2FhLTExZTYtOGY4OC0zNDM2M2JjN2M0YzAiOnsiY3JlYXRlIjozMDAwMDAwMDAwMDAsImRlbGV0ZSI6MzAwMDAwMDAwMDAwLCJ1cGRhdGUiOjEyMDAwMDAwMDAwMH19",
          "dependencies": [
            "aws_internet_gateway.igw",
            "aws_route_table.public",
            "aws_subnet.public",
            "aws_vpc.main"
          ]
        }
      ]
    },
    {
      "mode": "managed",
      "type": "aws_security_group",
      "name": "gpu_sg",
      "provider": "provider[\"registry.terraform.io/hashicorp/aws\"]",
      "instances": [
        {
          "schema_version": 1,
          "attributes": {
            "arn": "arn:aws:ec2:ap-south-1:663844206915:security-group/sg-04b41caa470651ad1",
            "description": "Allow Port 8000 from HAProxy and SSH",
            "egress": [
              {
                "cidr_blocks": [
                  "0.0.0.0/0"
                ],
                "description": "",
                "from_port": 0,
                "ipv6_cidr_blocks": [],
                "prefix_list_ids": [],
                "protocol": "-1",
                "security_groups": [],
                "self": false,
                "to_port": 0
              }
            ],
            "id": "sg-04b41caa470651ad1",
            "ingress": [
              {
                "cidr_blocks": [],
                "description": "FastAPI traffic from HAProxy",
                "from_port": 8000,
                "ipv6_cidr_blocks": [],
                "prefix_list_ids": [],
                "protocol": "tcp",
                "security_groups": [
                  "sg-09a7256d5db5beb48"
                ],
                "self": false,
                "to_port": 8000
              },
              {
                "cidr_blocks": [],
                "description": "SSH from Bastion (HAProxy)",
                "from_port": 22,
                "ipv6_cidr_blocks": [],
                "prefix_list_ids": [],
                "protocol": "tcp",
                "security_groups": [
                  "sg-09a7256d5db5beb48"
                ],
                "self": false,
                "to_port": 22
              }
            ],
            "name": "GPU-SG",
            "name_prefix": "",
            "owner_id": "663844206915",
            "revoke_rules_on_delete": false,
            "tags": {
              "Name": "GPU-SG"
            },
            "tags_all": {
              "Environment": "dev",
              "ManagedBy": "Terraform",
              "Name": "GPU-SG",
              "Project": "AI-Ticket-Summarization"
            },
            "timeouts": null,
            "vpc_id": "vpc-0bc256da4afd8e718"
          },
          "sensitive_attributes": [],
          "identity_schema_version": 0,
          "private": "eyJlMmJmYjczMC1lY2FhLTExZTYtOGY4OC0zNDM2M2JjN2M0YzAiOnsiY3JlYXRlIjo2MDAwMDAwMDAwMDAsImRlbGV0ZSI6OTAwMDAwMDAwMDAwfSwic2NoZW1hX3ZlcnNpb24iOiIxIn0=",
          "dependencies": [
            "aws_security_group.haproxy_sg",
            "aws_vpc.main"
          ]
        }
      ]
    },
    {
      "mode": "managed",
      "type": "aws_security_group",
      "name": "haproxy_sg",
      "provider": "provider[\"registry.terraform.io/hashicorp/aws\"]",
      "instances": [
        {
          "schema_version": 1,
          "attributes": {
            "arn": "arn:aws:ec2:ap-south-1:663844206915:security-group/sg-09a7256d5db5beb48",
            "description": "Allow inbound HTTPS/HTTP and admin SSH",
            "egress": [
              {
                "cidr_blocks": [
                  "0.0.0.0/0"
                ],
                "description": "",
                "from_port": 0,
                "ipv6_cidr_blocks": [],
                "prefix_list_ids": [],
                "protocol": "-1",
                "security_groups": [],
                "self": false,
                "to_port": 0
              }
            ],
            "id": "sg-09a7256d5db5beb48",
            "ingress": [
              {
                "cidr_blocks": [
                  "0.0.0.0/0"
                ],
                "description": "HTTP from Internet",
                "from_port": 80,
                "ipv6_cidr_blocks": [],
                "prefix_list_ids": [],
                "protocol": "tcp",
                "security_groups": [],
                "self": false,
                "to_port": 80
              },
              {
                "cidr_blocks": [
                  "0.0.0.0/0"
                ],
                "description": "HTTPS from Internet",
                "from_port": 443,
                "ipv6_cidr_blocks": [],
                "prefix_list_ids": [],
                "protocol": "tcp",
                "security_groups": [],
                "self": false,
                "to_port": 443
              },
              {
                "cidr_blocks": [
                  "58.84.62.38/32"
                ],
                "description": "SSH from Admin IP",
                "from_port": 22,
                "ipv6_cidr_blocks": [],
                "prefix_list_ids": [],
                "protocol": "tcp",
                "security_groups": [],
                "self": false,
                "to_port": 22
              }
            ],
            "name": "HAProxy-SG",
            "name_prefix": "",
            "owner_id": "663844206915",
            "revoke_rules_on_delete": false,
            "tags": {
              "Name": "HAProxy-SG"
            },
            "tags_all": {
              "Environment": "dev",
              "ManagedBy": "Terraform",
              "Name": "HAProxy-SG",
              "Project": "AI-Ticket-Summarization"
            },
            "timeouts": null,
            "vpc_id": "vpc-0bc256da4afd8e718"
          },
          "sensitive_attributes": [],
          "identity_schema_version": 0,
          "private": "eyJlMmJmYjczMC1lY2FhLTExZTYtOGY4OC0zNDM2M2JjN2M0YzAiOnsiY3JlYXRlIjo2MDAwMDAwMDAwMDAsImRlbGV0ZSI6OTAwMDAwMDAwMDAwfSwic2NoZW1hX3ZlcnNpb24iOiIxIn0=",
          "dependencies": [
            "aws_vpc.main"
          ]
        }
      ]
    },
    {
      "mode": "managed",
      "type": "aws_subnet",
      "name": "private",
      "provider": "provider[\"registry.terraform.io/hashicorp/aws\"]",
      "instances": [
        {
          "schema_version": 1,
          "attributes": {
            "arn": "arn:aws:ec2:ap-south-1:663844206915:subnet/subnet-06ca209f0ce4edacb",
            "assign_ipv6_address_on_creation": false,
            "availability_zone": "ap-south-1a",
            "availability_zone_id": "aps1-az1",
            "cidr_block": "10.0.2.0/24",
            "customer_owned_ipv4_pool": "",
            "enable_dns64": false,
            "enable_lni_at_device_index": 0,
            "enable_resource_name_dns_a_record_on_launch": false,
            "enable_resource_name_dns_aaaa_record_on_launch": false,
            "id": "subnet-06ca209f0ce4edacb",
            "ipv6_cidr_block": "",
            "ipv6_cidr_block_association_id": "",
            "ipv6_native": false,
            "map_customer_owned_ip_on_launch": false,
            "map_public_ip_on_launch": false,
            "outpost_arn": "",
            "owner_id": "663844206915",
            "private_dns_hostname_type_on_launch": "ip-name",
            "tags": {
              "Name": "private-subnet-gpu"
            },
            "tags_all": {
              "Environment": "dev",
              "ManagedBy": "Terraform",
              "Name": "private-subnet-gpu",
              "Project": "AI-Ticket-Summarization"
            },
            "timeouts": null,
            "vpc_id": "vpc-0bc256da4afd8e718"
          },
          "sensitive_attributes": [],
          "identity_schema_version": 0,
          "private": "eyJlMmJmYjczMC1lY2FhLTExZTYtOGY4OC0zNDM2M2JjN2M0YzAiOnsiY3JlYXRlIjo2MDAwMDAwMDAwMDAsImRlbGV0ZSI6MTIwMDAwMDAwMDAwMH0sInNjaGVtYV92ZXJzaW9uIjoiMSJ9",
          "dependencies": [
            "aws_vpc.main"
          ]
        }
      ]
    },
    {
      "mode": "managed",
      "type": "aws_subnet",
      "name": "public",
      "provider": "provider[\"registry.terraform.io/hashicorp/aws\"]",
      "instances": [
        {
          "schema_version": 1,
          "attributes": {
            "arn": "arn:aws:ec2:ap-south-1:663844206915:subnet/subnet-0cd1ee77804f5ebaa",
            "assign_ipv6_address_on_creation": false,
            "availability_zone": "ap-south-1a",
            "availability_zone_id": "aps1-az1",
            "cidr_block": "10.0.1.0/24",
            "customer_owned_ipv4_pool": "",
            "enable_dns64": false,
            "enable_lni_at_device_index": 0,
            "enable_resource_name_dns_a_record_on_launch": false,
            "enable_resource_name_dns_aaaa_record_on_launch": false,
            "id": "subnet-0cd1ee77804f5ebaa",
            "ipv6_cidr_block": "",
            "ipv6_cidr_block_association_id": "",
            "ipv6_native": false,
            "map_customer_owned_ip_on_launch": false,
            "map_public_ip_on_launch": true,
            "outpost_arn": "",
            "owner_id": "663844206915",
            "private_dns_hostname_type_on_launch": "ip-name",
            "tags": {
              "Name": "public-subnet-haproxy"
            },
            "tags_all": {
              "Environment": "dev",
              "ManagedBy": "Terraform",
              "Name": "public-subnet-haproxy",
              "Project": "AI-Ticket-Summarization"
            },
            "timeouts": null,
            "vpc_id": "vpc-0bc256da4afd8e718"
          },
          "sensitive_attributes": [],
          "identity_schema_version": 0,
          "private": "eyJlMmJmYjczMC1lY2FhLTExZTYtOGY4OC0zNDM2M2JjN2M0YzAiOnsiY3JlYXRlIjo2MDAwMDAwMDAwMDAsImRlbGV0ZSI6MTIwMDAwMDAwMDAwMH0sInNjaGVtYV92ZXJzaW9uIjoiMSJ9",
          "dependencies": [
            "aws_vpc.main"
          ]
        }
      ]
    },
    {
      "mode": "managed",
      "type": "aws_vpc",
      "name": "main",
      "provider": "provider[\"registry.terraform.io/hashicorp/aws\"]",
      "instances": [
        {
          "schema_version": 1,
          "attributes": {
            "arn": "arn:aws:ec2:ap-south-1:663844206915:vpc/vpc-0bc256da4afd8e718",
            "assign_generated_ipv6_cidr_block": false,
            "cidr_block": "10.0.0.0/16",
            "default_network_acl_id": "acl-023c10022c6c93a9a",
            "default_route_table_id": "rtb-0e8c71f424f4b45af",
            "default_security_group_id": "sg-0942b4ac3f6bd1b77",
            "dhcp_options_id": "dopt-09f3d1a0c42967ba4",
            "enable_dns_hostnames": true,
            "enable_dns_support": true,
            "enable_network_address_usage_metrics": false,
            "id": "vpc-0bc256da4afd8e718",
            "instance_tenancy": "default",
            "ipv4_ipam_pool_id": null,
            "ipv4_netmask_length": null,
            "ipv6_association_id": "",
            "ipv6_cidr_block": "",
            "ipv6_cidr_block_network_border_group": "",
            "ipv6_ipam_pool_id": "",
            "ipv6_netmask_length": 0,
            "main_route_table_id": "rtb-0e8c71f424f4b45af",
            "owner_id": "663844206915",
            "tags": {
              "Name": "ai-summarization-vpc"
            },
            "tags_all": {
              "Environment": "dev",
              "ManagedBy": "Terraform",
              "Name": "ai-summarization-vpc",
              "Project": "AI-Ticket-Summarization"
            }
          },
          "sensitive_attributes": [],
          "identity_schema_version": 0,
          "private": "eyJzY2hlbWFfdmVyc2lvbiI6IjEifQ=="
        }
      ]
    },
    {
      "mode": "managed",
      "type": "local_file",
      "name": "private_key_pem",
      "provider": "provider[\"registry.terraform.io/hashicorp/local\"]",
      "instances": [
        {
          "schema_version": 0,
          "attributes": {
            "content": "-----BEGIN RSA PRIVATE KEY-----\nMIIJKQIBAAKCAgEA81oFMnrge2NAndjInrqp07zA7VrtZYUyu1Mh8GcGDm/+mvTa\n37IQOzVGuKfNoQTcwDlTFcn4JXTrUx2buPGJRcUZ4hIi2W+DgU0LDgxGAVfJ/c5/\nJ5lR7UIqpluBqZy4Lv6JIL1L1tW6lTqB0EZS+Vy6kSGJ1kKbsL0/SvvSMa3yeEeH\n7nHz8XpMH+Sx6pshbk7Ycdl8WuvXSGFRL7QLSGqSYnLrnrHamw10ZgElsCQxvtma\nR9opwAwjenCCY06SPcxqkqhzOZ5InVOI/OsIVXzOkgp/dpQnlr8L0zNKoEpuV0x4\nz3h5TKwCl9wsvPFh9+qRPsw33xr3UjeBs+l5FJR6fan4lxa5t6L93CblCtixigpL\nr1BFLgPUOLDgqfyA3dx09/xSsfF14ijL2oBwIgmSBOku88wnVZE9lvZBxgFFBnwm\nwRkJN8lueFgAvOQ6uxq1XccbSxv8O3LHiT0QsNaFHKRdSHhnc2yqEqmoEHA8yH05\nubopgHoWiziDCkoAfsyELg6XaLEsumuLhQxjQPo8pUvkvqhlEPm2nRBQr1CGAaMh\njlQtEkAesqQrRW4sErXBG+Xq/UzTF6MFFSTZPp7/xs+acC+dtS/hnd02+0Hx5VP+\n1c7o1yhXsEpv7TN1r2V+m1ShwLX/Fdeu6qBot4mqKlQZw8nYALJ/pgRKiv0CAwEA\nAQKCAf8CD0D8Abjkp8e5jkbPERq0MA9x8tMPiOZlBM8aDxp+BMn4MG+pylgDfZqb\noCVIDO0ms1WArwo/8ZK29rPasjCh5okm4KsVgVwbkWCxPb6vRDmcFvinMnpUXRBU\nrXGWKJK70xZWBe7JDVtcPU0xS2cTCos0WemmET+VagSfHdfUPnn5iqFxOIWtWtuf\naXrCrDgcNuPzaA56toRGmIxCBcQSrimPARSoGIPrzAawK6emAKhrH8GuhKorIJnW\n73IrD6nX3A21hWIe8A1X8jJhRvFLHUNM+R8bDHtJS1Sjn6DXZR80nfESex02Xj5S\nCrWrjl9wjwurpw7R/z3DSbT5+3/gKH1MDw+VEOFFWEN7DFcXg4RD9NJmln8BlNQK\nwXuVWLq6WdyrrS2MIzTJZwM42yICgmOsB9vnEwUACyLACL6ptZT3MqSmMBtjUCkA\nY9aL1iKsZZ0PznGbk0gR5yg1hjDtEkUNBexNhXGubeth9bOs07inoK8KMXDGU9gH\nhYANjweWYZ2xT4Ha1GcIq3v4B+rPOlKflI6g1IvfmzpX8A4uPciR0UjmCEALhNRM\nNoEQi5QfYXN0EPzyVRq7RlI7WGs4PovRgNg4zNQGVWWfzByiVbqLT+AqNTlCtT2r\nrW9DrP1J6rqwez/yrhAbdXL6UYfGm5Q1GwJN0ZOJkJNMJGbRAoIBAQD5jkYdhobO\nJNMD8xIfajkpFU9UQ5A6l7T/ZND40v83l21ySzPKW+o9YUait17mKZvf2Nt5H6/+\nqhDoWSTpY2HCXvnCoxI9qnKsF0rxVAyoOC8i/jgqwzXTH8DvH2HJM6y4JxHbYNhP\n/yTdNpij1K35pOQFU75wFQ/fExdAm8Ii5c8G5vDF5aLcyxhfVVmoDMCTJlRXnwx8\nM2h0fzlQhPlFQHNA+IVpWEzVk/tM+X5pNXRfwzrQAC7MH2MV7G3hSvHTitsBjDNm\nWBgFbTH/Jcmex6X32f1gChFMluX6Qd4I1XTtKIDydIErC811jkEh4avE7LeKn/44\nusREpama+IIZAoIBAQD5oruw6zxgu93CWn3N4GzKLHj6e3iEU5c/YNPwNFx4kd0Q\nxL+mUnsMRPEno1AN4DpJVPfO3BCbm9rAN+fSZKS/gpznvSVG81hmbRPIZXQ6PHRz\nWZGH/8RCQXho1f5YRVtCT5lpmtkynyJv2HSZYPyWhljGDUTp8NrIFFx+QPJsHRzB\nRbwdYyfdXg+nm+6FfQzNng2j3klSo28WxyjLvbpeSDOucfcoBrlSAtm9X8EvHd45\nm1UwhtAEhMLVobr2rf5w91wdQmbDWk74oMsQ8ekph04+O0S3HZLblA8IqxXRkLux\nSYtVq73/0VmC2WJ9j5j9SXCv5u2fQfCvTLtRzRSFAoIBAQDxg3hl4Kib3lV9kAMs\n9f9FvELe2Ng/bEyVkjsPZBvs8BbSsub3Y0bpijfzB6XG9+PLmjKlIT6RJoNgac1o\nNW8JziLG9EyV81wxIgW8UkxBjMZJhmBTOkLgBO4SPXvEXcc9HUqR1kLiAJnroIfO\nneiVHrgyU56NGEUY7X/mXhde8KsQEfZYf2nDZqY6tP4kvdqtTj334owRsyrW+707\nKMWY+MvRx/JNRlBtrl5ZW2e0aDAs8WL8pACmOYYKVJrumzo4MTzMXaPs2zq8HbZy\nKF7c1HjRyl0FUhj111/Qd2hrgjE7x6QrgQb04uI/b6GnKaCz3yet+DLvMgj6Kp1e\nxjwZAoIBAQC/YieLJ42Oi/kju8SfReOhzB6jym1G5d8a090oVrxeI1XcOTrFBI8Z\nhPFtdiM1wCZvehjSGp0Q75fxreqovkggGr64W6Zskru/KvjztfQ5gYe1t4F/RnLs\naM0rcoQgoGuqluQCtpi12pLINKaPwG9l53G/xQSEZgcVRabzlE9G27rj4daqoQ47\nBJXz5fQjmw9pxDao3w5PsMTGLcH1EWwERE56+xyFL0J8wXq1WOf+e2OXvqK9JV3t\nWOsWZXu1Cwf7C2kvdWzbcC0DKCMGxq//CqDNzRqNWLryZLxx5NhBZji/XqbX82ci\n7Rk22/pKUQD1jow6D001v5QKkUU7HYMRAoIBAQDd78tma1jjzHKOLc/pZrVWy8J2\ns0PzfCdMXY/hQcOZ7zOohsYpRnrBDpLFiBY4sxiJMlIy2uR4BiNG+x8fnS7kxHF0\nKXfD+rchRYgd7sx40mFoX0zVa0gbbR0MRcIWqgkZ+TaUz5E0h1wdwQjKpsg3VNSq\nG7zro/RnPZ8MgE0HQXCAPnbpw8Ib0QYXbkCIoJMDPD6SQy5suS/l0MUx1J5dzuKo\nJH1S3loFUwFTHYqQZMGMP18+RNcy/UTd3iA32Th7CDcQzFpPz8GK4LUeCHIXnhAF\nDK9m3NSna68VA2YAB4aNKlmZoUDB26anc5siAsXPre0ECCns1dn1NXZ+VYLC\n-----END RSA PRIVATE KEY-----\n",
            "content_base64": null,
            "content_base64sha256": "yef+uA96kwk+I6lQmZ/v1pP7FI2tm+J+a1eZjsVVQlA=",
            "content_base64sha512": "XjvWbAP2JxDHyHKNVIgRLftIg4UjW2llXwx9koworSmRUTArj/gsKuevAy9XSAdNDBMvsNzKPaqh67fNG9vwog==",
            "content_md5": "c4b4ee52eb85d7e78e391eac2f438a00",
            "content_sha1": "5dbca636a444286e623aeefaa76787d0682291e2",
            "content_sha256": "c9e7feb80f7a93093e23a950999fefd693fb148dad9be27e6b57998ec5554250",
            "content_sha512": "5e3bd66c03f62710c7c8728d5488112dfb488385235b69655f0c7d928c28ad299151302b8ff82c2ae7af032f5748074d0c132fb0dcca3daaa1ebb7cd1bdbf0a2",
            "directory_permission": "0777",
            "file_permission": "0400",
            "filename": "./sparklehood-dev-key.pem",
            "id": "5dbca636a444286e623aeefaa76787d0682291e2",
            "sensitive_content": null,
            "source": null
          },
          "sensitive_attributes": [
            [
              {
                "type": "get_attr",
                "value": "content"
              }
            ],
            [
              {
                "type": "get_attr",
                "value": "sensitive_content"
              }
            ]
          ],
          "identity_schema_version": 0,
          "dependencies": [
            "tls_private_key.ssh_key"
          ]
        }
      ]
    },
    {
      "mode": "managed",
      "type": "tls_private_key",
      "name": "ssh_key",
      "provider": "provider[\"registry.terraform.io/hashicorp/tls\"]",
      "instances": [
        {
          "schema_version": 1,
          "attributes": {
            "algorithm": "RSA",
            "ecdsa_curve": "P224",
            "id": "07896e0402801cbcb4dd1d8511088bfa97253a9c",
            "private_key_openssh": "-----BEGIN OPENSSH PRIVATE KEY-----\nb3BlbnNzaC1rZXktdjEAAAAABG5vbmUAAAAEbm9uZQAAAAAAAAABAAACFwAAAAdz\nc2gtcnNhAAAAAwEAAQAAAgEA81oFMnrge2NAndjInrqp07zA7VrtZYUyu1Mh8GcG\nDm/+mvTa37IQOzVGuKfNoQTcwDlTFcn4JXTrUx2buPGJRcUZ4hIi2W+DgU0LDgxG\nAVfJ/c5/J5lR7UIqpluBqZy4Lv6JIL1L1tW6lTqB0EZS+Vy6kSGJ1kKbsL0/SvvS\nMa3yeEeH7nHz8XpMH+Sx6pshbk7Ycdl8WuvXSGFRL7QLSGqSYnLrnrHamw10ZgEl\nsCQxvtmaR9opwAwjenCCY06SPcxqkqhzOZ5InVOI/OsIVXzOkgp/dpQnlr8L0zNK\noEpuV0x4z3h5TKwCl9wsvPFh9+qRPsw33xr3UjeBs+l5FJR6fan4lxa5t6L93Cbl\nCtixigpLr1BFLgPUOLDgqfyA3dx09/xSsfF14ijL2oBwIgmSBOku88wnVZE9lvZB\nxgFFBnwmwRkJN8lueFgAvOQ6uxq1XccbSxv8O3LHiT0QsNaFHKRdSHhnc2yqEqmo\nEHA8yH05ubopgHoWiziDCkoAfsyELg6XaLEsumuLhQxjQPo8pUvkvqhlEPm2nRBQ\nr1CGAaMhjlQtEkAesqQrRW4sErXBG+Xq/UzTF6MFFSTZPp7/xs+acC+dtS/hnd02\n+0Hx5VP+1c7o1yhXsEpv7TN1r2V+m1ShwLX/Fdeu6qBot4mqKlQZw8nYALJ/pgRK\niv0AAAc4YitBaWIrQWkAAAAHc3NoLXJzYQAAAgEA81oFMnrge2NAndjInrqp07zA\n7VrtZYUyu1Mh8GcGDm/+mvTa37IQOzVGuKfNoQTcwDlTFcn4JXTrUx2buPGJRcUZ\n4hIi2W+DgU0LDgxGAVfJ/c5/J5lR7UIqpluBqZy4Lv6JIL1L1tW6lTqB0EZS+Vy6\nkSGJ1kKbsL0/SvvSMa3yeEeH7nHz8XpMH+Sx6pshbk7Ycdl8WuvXSGFRL7QLSGqS\nYnLrnrHamw10ZgElsCQxvtmaR9opwAwjenCCY06SPcxqkqhzOZ5InVOI/OsIVXzO\nkgp/dpQnlr8L0zNKoEpuV0x4z3h5TKwCl9wsvPFh9+qRPsw33xr3UjeBs+l5FJR6\nfan4lxa5t6L93CblCtixigpLr1BFLgPUOLDgqfyA3dx09/xSsfF14ijL2oBwIgmS\nBOku88wnVZE9lvZBxgFFBnwmwRkJN8lueFgAvOQ6uxq1XccbSxv8O3LHiT0QsNaF\nHKRdSHhnc2yqEqmoEHA8yH05ubopgHoWiziDCkoAfsyELg6XaLEsumuLhQxjQPo8\npUvkvqhlEPm2nRBQr1CGAaMhjlQtEkAesqQrRW4sErXBG+Xq/UzTF6MFFSTZPp7/\nxs+acC+dtS/hnd02+0Hx5VP+1c7o1yhXsEpv7TN1r2V+m1ShwLX/Fdeu6qBot4mq\nKlQZw8nYALJ/pgRKiv0AAAADAQABAAAB/wIPQPwBuOSnx7mORs8RGrQwD3Hy0w+I\n5mUEzxoPGn4Eyfgwb6nKWAN9mpugJUgM7SazVYCvCj/xkrb2s9qyMKHmiSbgqxWB\nXBuRYLE9vq9EOZwW+KcyelRdEFStcZYokrvTFlYF7skNW1w9TTFLZxMKizRZ6aYR\nP5VqBJ8d19Q+efmKoXE4ha1a259pesKsOBw24/NoDnq2hEaYjEIFxBKuKY8BFKgY\ng+vMBrArp6YAqGsfwa6EqisgmdbvcisPqdfcDbWFYh7wDVfyMmFG8UsdQ0z5HxsM\ne0lLVKOfoNdlHzSd8RJ7HTZePlIKtauOX3CPC6unDtH/PcNJtPn7f+AofUwPD5UQ\n4UVYQ3sMVxeDhEP00maWfwGU1ArBe5VYurpZ3KutLYwjNMlnAzjbIgKCY6wH2+cT\nBQALIsAIvqm1lPcypKYwG2NQKQBj1ovWIqxlnQ/OcZuTSBHnKDWGMO0SRQ0F7E2F\nca5t62H1s6zTuKegrwoxcMZT2AeFgA2PB5ZhnbFPgdrUZwire/gH6s86Up+UjqDU\ni9+bOlfwDi49yJHRSOYIQAuE1Ew2gRCLlB9hc3QQ/PJVGrtGUjtYazg+i9GA2DjM\n1AZVZZ/MHKJVuotP4Co1OUK1Pautb0Os/UnqurB7P/KuEBt1cvpRh8ablDUbAk3R\nk4mQk0wkZtEAAAEBAN3vy2ZrWOPMco4tz+lmtVbLwnazQ/N8J0xdj+FBw5nvM6iG\nxilGesEOksWIFjizGIkyUjLa5HgGI0b7Hx+dLuTEcXQpd8P6tyFFiB3uzHjSYWhf\nTNVrSBttHQxFwhaqCRn5NpTPkTSHXB3BCMqmyDdU1KobvOuj9Gc9nwyATQdBcIA+\ndunDwhvRBhduQIigkwM8PpJDLmy5L+XQxTHUnl3O4qgkfVLeWgVTAVMdipBkwYw/\nXz5E1zL9RN3eIDfZOHsINxDMWk/PwYrgtR4IcheeEAUMr2bc1KdrrxUDZgAHho0q\nWZmhQMHbpqdzmyICxc+t7QQIKezV2fU1dn5VgsIAAAEBAPmORh2Ghs4k0wPzEh9q\nOSkVT1RDkDqXtP9k0PjS/zeXbXJLM8pb6j1hRqK3XuYpm9/Y23kfr/6qEOhZJOlj\nYcJe+cKjEj2qcqwXSvFUDKg4LyL+OCrDNdMfwO8fYckzrLgnEdtg2E//JN02mKPU\nrfmk5AVTvnAVD98TF0CbwiLlzwbm8MXlotzLGF9VWagMwJMmVFefDHwzaHR/OVCE\n+UVAc0D4hWlYTNWT+0z5fmk1dF/DOtAALswfYxXsbeFK8dOK2wGMM2ZYGAVtMf8l\nyZ7HpffZ/WAKEUyW5fpB3gjVdO0ogPJ0gSsLzXWOQSHhq8Tst4qf/ji6xESlqZr4\nghkAAAEBAPmiu7DrPGC73cJafc3gbMosePp7eIRTlz9g0/A0XHiR3RDEv6ZSewxE\n8SejUA3gOklU987cEJub2sA359JkpL+CnOe9JUbzWGZtE8hldDo8dHNZkYf/xEJB\neGjV/lhFW0JPmWma2TKfIm/YdJlg/JaGWMYNROnw2sgUXH5A8mwdHMFFvB1jJ91e\nD6eb7oV9DM2eDaPeSVKjbxbHKMu9ul5IM65x9ygGuVIC2b1fwS8d3jmbVTCG0ASE\nwtWhuvat/nD3XB1CZsNaTvigyxDx6SmHTj47RLcdktuUDwirFdGQu7FJi1Wrvf/R\nWYLZYn2PmP1JcK/m7Z9B8K9Mu1HNFIUAAAAAAQID\n-----END OPENSSH PRIVATE KEY-----\n",
            "private_key_pem": "-----BEGIN RSA PRIVATE KEY-----\nMIIJKQIBAAKCAgEA81oFMnrge2NAndjInrqp07zA7VrtZYUyu1Mh8GcGDm/+mvTa\n37IQOzVGuKfNoQTcwDlTFcn4JXTrUx2buPGJRcUZ4hIi2W+DgU0LDgxGAVfJ/c5/\nJ5lR7UIqpluBqZy4Lv6JIL1L1tW6lTqB0EZS+Vy6kSGJ1kKbsL0/SvvSMa3yeEeH\n7nHz8XpMH+Sx6pshbk7Ycdl8WuvXSGFRL7QLSGqSYnLrnrHamw10ZgElsCQxvtma\nR9opwAwjenCCY06SPcxqkqhzOZ5InVOI/OsIVXzOkgp/dpQnlr8L0zNKoEpuV0x4\nz3h5TKwCl9wsvPFh9+qRPsw33xr3UjeBs+l5FJR6fan4lxa5t6L93CblCtixigpL\nr1BFLgPUOLDgqfyA3dx09/xSsfF14ijL2oBwIgmSBOku88wnVZE9lvZBxgFFBnwm\nwRkJN8lueFgAvOQ6uxq1XccbSxv8O3LHiT0QsNaFHKRdSHhnc2yqEqmoEHA8yH05\nubopgHoWiziDCkoAfsyELg6XaLEsumuLhQxjQPo8pUvkvqhlEPm2nRBQr1CGAaMh\njlQtEkAesqQrRW4sErXBG+Xq/UzTF6MFFSTZPp7/xs+acC+dtS/hnd02+0Hx5VP+\n1c7o1yhXsEpv7TN1r2V+m1ShwLX/Fdeu6qBot4mqKlQZw8nYALJ/pgRKiv0CAwEA\nAQKCAf8CD0D8Abjkp8e5jkbPERq0MA9x8tMPiOZlBM8aDxp+BMn4MG+pylgDfZqb\noCVIDO0ms1WArwo/8ZK29rPasjCh5okm4KsVgVwbkWCxPb6vRDmcFvinMnpUXRBU\nrXGWKJK70xZWBe7JDVtcPU0xS2cTCos0WemmET+VagSfHdfUPnn5iqFxOIWtWtuf\naXrCrDgcNuPzaA56toRGmIxCBcQSrimPARSoGIPrzAawK6emAKhrH8GuhKorIJnW\n73IrD6nX3A21hWIe8A1X8jJhRvFLHUNM+R8bDHtJS1Sjn6DXZR80nfESex02Xj5S\nCrWrjl9wjwurpw7R/z3DSbT5+3/gKH1MDw+VEOFFWEN7DFcXg4RD9NJmln8BlNQK\nwXuVWLq6WdyrrS2MIzTJZwM42yICgmOsB9vnEwUACyLACL6ptZT3MqSmMBtjUCkA\nY9aL1iKsZZ0PznGbk0gR5yg1hjDtEkUNBexNhXGubeth9bOs07inoK8KMXDGU9gH\nhYANjweWYZ2xT4Ha1GcIq3v4B+rPOlKflI6g1IvfmzpX8A4uPciR0UjmCEALhNRM\nNoEQi5QfYXN0EPzyVRq7RlI7WGs4PovRgNg4zNQGVWWfzByiVbqLT+AqNTlCtT2r\nrW9DrP1J6rqwez/yrhAbdXL6UYfGm5Q1GwJN0ZOJkJNMJGbRAoIBAQD5jkYdhobO\nJNMD8xIfajkpFU9UQ5A6l7T/ZND40v83l21ySzPKW+o9YUait17mKZvf2Nt5H6/+\nqhDoWSTpY2HCXvnCoxI9qnKsF0rxVAyoOC8i/jgqwzXTH8DvH2HJM6y4JxHbYNhP\n/yTdNpij1K35pOQFU75wFQ/fExdAm8Ii5c8G5vDF5aLcyxhfVVmoDMCTJlRXnwx8\nM2h0fzlQhPlFQHNA+IVpWEzVk/tM+X5pNXRfwzrQAC7MH2MV7G3hSvHTitsBjDNm\nWBgFbTH/Jcmex6X32f1gChFMluX6Qd4I1XTtKIDydIErC811jkEh4avE7LeKn/44\nusREpama+IIZAoIBAQD5oruw6zxgu93CWn3N4GzKLHj6e3iEU5c/YNPwNFx4kd0Q\nxL+mUnsMRPEno1AN4DpJVPfO3BCbm9rAN+fSZKS/gpznvSVG81hmbRPIZXQ6PHRz\nWZGH/8RCQXho1f5YRVtCT5lpmtkynyJv2HSZYPyWhljGDUTp8NrIFFx+QPJsHRzB\nRbwdYyfdXg+nm+6FfQzNng2j3klSo28WxyjLvbpeSDOucfcoBrlSAtm9X8EvHd45\nm1UwhtAEhMLVobr2rf5w91wdQmbDWk74oMsQ8ekph04+O0S3HZLblA8IqxXRkLux\nSYtVq73/0VmC2WJ9j5j9SXCv5u2fQfCvTLtRzRSFAoIBAQDxg3hl4Kib3lV9kAMs\n9f9FvELe2Ng/bEyVkjsPZBvs8BbSsub3Y0bpijfzB6XG9+PLmjKlIT6RJoNgac1o\nNW8JziLG9EyV81wxIgW8UkxBjMZJhmBTOkLgBO4SPXvEXcc9HUqR1kLiAJnroIfO\nneiVHrgyU56NGEUY7X/mXhde8KsQEfZYf2nDZqY6tP4kvdqtTj334owRsyrW+707\nKMWY+MvRx/JNRlBtrl5ZW2e0aDAs8WL8pACmOYYKVJrumzo4MTzMXaPs2zq8HbZy\nKF7c1HjRyl0FUhj111/Qd2hrgjE7x6QrgQb04uI/b6GnKaCz3yet+DLvMgj6Kp1e\nxjwZAoIBAQC/YieLJ42Oi/kju8SfReOhzB6jym1G5d8a090oVrxeI1XcOTrFBI8Z\nhPFtdiM1wCZvehjSGp0Q75fxreqovkggGr64W6Zskru/KvjztfQ5gYe1t4F/RnLs\naM0rcoQgoGuqluQCtpi12pLINKaPwG9l53G/xQSEZgcVRabzlE9G27rj4daqoQ47\nBJXz5fQjmw9pxDao3w5PsMTGLcH1EWwERE56+xyFL0J8wXq1WOf+e2OXvqK9JV3t\nWOsWZXu1Cwf7C2kvdWzbcC0DKCMGxq//CqDNzRqNWLryZLxx5NhBZji/XqbX82ci\n7Rk22/pKUQD1jow6D001v5QKkUU7HYMRAoIBAQDd78tma1jjzHKOLc/pZrVWy8J2\ns0PzfCdMXY/hQcOZ7zOohsYpRnrBDpLFiBY4sxiJMlIy2uR4BiNG+x8fnS7kxHF0\nKXfD+rchRYgd7sx40mFoX0zVa0gbbR0MRcIWqgkZ+TaUz5E0h1wdwQjKpsg3VNSq\nG7zro/RnPZ8MgE0HQXCAPnbpw8Ib0QYXbkCIoJMDPD6SQy5suS/l0MUx1J5dzuKo\nJH1S3loFUwFTHYqQZMGMP18+RNcy/UTd3iA32Th7CDcQzFpPz8GK4LUeCHIXnhAF\nDK9m3NSna68VA2YAB4aNKlmZoUDB26anc5siAsXPre0ECCns1dn1NXZ+VYLC\n-----END RSA PRIVATE KEY-----\n",
            "private_key_pem_pkcs8": "-----BEGIN PRIVATE KEY-----\nMIIJQwIBADANBgkqhkiG9w0BAQEFAASCCS0wggkpAgEAAoICAQDzWgUyeuB7Y0Cd\n2MieuqnTvMDtWu1lhTK7UyHwZwYOb/6a9NrfshA7NUa4p82hBNzAOVMVyfgldOtT\nHZu48YlFxRniEiLZb4OBTQsODEYBV8n9zn8nmVHtQiqmW4GpnLgu/okgvUvW1bqV\nOoHQRlL5XLqRIYnWQpuwvT9K+9IxrfJ4R4fucfPxekwf5LHqmyFuTthx2Xxa69dI\nYVEvtAtIapJicuuesdqbDXRmASWwJDG+2ZpH2inADCN6cIJjTpI9zGqSqHM5nkid\nU4j86whVfM6SCn92lCeWvwvTM0qgSm5XTHjPeHlMrAKX3Cy88WH36pE+zDffGvdS\nN4Gz6XkUlHp9qfiXFrm3ov3cJuUK2LGKCkuvUEUuA9Q4sOCp/IDd3HT3/FKx8XXi\nKMvagHAiCZIE6S7zzCdVkT2W9kHGAUUGfCbBGQk3yW54WAC85Dq7GrVdxxtLG/w7\ncseJPRCw1oUcpF1IeGdzbKoSqagQcDzIfTm5uimAehaLOIMKSgB+zIQuDpdosSy6\na4uFDGNA+jylS+S+qGUQ+badEFCvUIYBoyGOVC0SQB6ypCtFbiwStcEb5er9TNMX\nowUVJNk+nv/Gz5pwL521L+Gd3Tb7QfHlU/7VzujXKFewSm/tM3WvZX6bVKHAtf8V\n167qoGi3iaoqVBnDydgAsn+mBEqK/QIDAQABAoIB/wIPQPwBuOSnx7mORs8RGrQw\nD3Hy0w+I5mUEzxoPGn4Eyfgwb6nKWAN9mpugJUgM7SazVYCvCj/xkrb2s9qyMKHm\niSbgqxWBXBuRYLE9vq9EOZwW+KcyelRdEFStcZYokrvTFlYF7skNW1w9TTFLZxMK\nizRZ6aYRP5VqBJ8d19Q+efmKoXE4ha1a259pesKsOBw24/NoDnq2hEaYjEIFxBKu\nKY8BFKgYg+vMBrArp6YAqGsfwa6EqisgmdbvcisPqdfcDbWFYh7wDVfyMmFG8Usd\nQ0z5HxsMe0lLVKOfoNdlHzSd8RJ7HTZePlIKtauOX3CPC6unDtH/PcNJtPn7f+Ao\nfUwPD5UQ4UVYQ3sMVxeDhEP00maWfwGU1ArBe5VYurpZ3KutLYwjNMlnAzjbIgKC\nY6wH2+cTBQALIsAIvqm1lPcypKYwG2NQKQBj1ovWIqxlnQ/OcZuTSBHnKDWGMO0S\nRQ0F7E2Fca5t62H1s6zTuKegrwoxcMZT2AeFgA2PB5ZhnbFPgdrUZwire/gH6s86\nUp+UjqDUi9+bOlfwDi49yJHRSOYIQAuE1Ew2gRCLlB9hc3QQ/PJVGrtGUjtYazg+\ni9GA2DjM1AZVZZ/MHKJVuotP4Co1OUK1Pautb0Os/UnqurB7P/KuEBt1cvpRh8ab\nlDUbAk3Rk4mQk0wkZtECggEBAPmORh2Ghs4k0wPzEh9qOSkVT1RDkDqXtP9k0PjS\n/zeXbXJLM8pb6j1hRqK3XuYpm9/Y23kfr/6qEOhZJOljYcJe+cKjEj2qcqwXSvFU\nDKg4LyL+OCrDNdMfwO8fYckzrLgnEdtg2E//JN02mKPUrfmk5AVTvnAVD98TF0Cb\nwiLlzwbm8MXlotzLGF9VWagMwJMmVFefDHwzaHR/OVCE+UVAc0D4hWlYTNWT+0z5\nfmk1dF/DOtAALswfYxXsbeFK8dOK2wGMM2ZYGAVtMf8lyZ7HpffZ/WAKEUyW5fpB\n3gjVdO0ogPJ0gSsLzXWOQSHhq8Tst4qf/ji6xESlqZr4ghkCggEBAPmiu7DrPGC7\n3cJafc3gbMosePp7eIRTlz9g0/A0XHiR3RDEv6ZSewxE8SejUA3gOklU987cEJub\n2sA359JkpL+CnOe9JUbzWGZtE8hldDo8dHNZkYf/xEJBeGjV/lhFW0JPmWma2TKf\nIm/YdJlg/JaGWMYNROnw2sgUXH5A8mwdHMFFvB1jJ91eD6eb7oV9DM2eDaPeSVKj\nbxbHKMu9ul5IM65x9ygGuVIC2b1fwS8d3jmbVTCG0ASEwtWhuvat/nD3XB1CZsNa\nTvigyxDx6SmHTj47RLcdktuUDwirFdGQu7FJi1Wrvf/RWYLZYn2PmP1JcK/m7Z9B\n8K9Mu1HNFIUCggEBAPGDeGXgqJveVX2QAyz1/0W8Qt7Y2D9sTJWSOw9kG+zwFtKy\n5vdjRumKN/MHpcb348uaMqUhPpEmg2BpzWg1bwnOIsb0TJXzXDEiBbxSTEGMxkmG\nYFM6QuAE7hI9e8Rdxz0dSpHWQuIAmeugh86d6JUeuDJTno0YRRjtf+ZeF17wqxAR\n9lh/acNmpjq0/iS92q1OPffijBGzKtb7vTsoxZj4y9HH8k1GUG2uXllbZ7RoMCzx\nYvykAKY5hgpUmu6bOjgxPMxdo+zbOrwdtnIoXtzUeNHKXQVSGPXXX9B3aGuCMTvH\npCuBBvTi4j9voacpoLPfJ634Mu8yCPoqnV7GPBkCggEBAL9iJ4snjY6L+SO7xJ9F\n46HMHqPKbUbl3xrT3ShWvF4jVdw5OsUEjxmE8W12IzXAJm96GNIanRDvl/Gt6qi+\nSCAavrhbpmySu78q+PO19DmBh7W3gX9GcuxozStyhCCga6qW5AK2mLXaksg0po/A\nb2Xncb/FBIRmBxVFpvOUT0bbuuPh1qqhDjsElfPl9CObD2nENqjfDk+wxMYtwfUR\nbARETnr7HIUvQnzBerVY5/57Y5e+or0lXe1Y6xZle7ULB/sLaS91bNtwLQMoIwbG\nr/8KoM3NGo1YuvJkvHHk2EFmOL9eptfzZyLtGTbb+kpRAPWOjDoPTTW/lAqRRTsd\ngxECggEBAN3vy2ZrWOPMco4tz+lmtVbLwnazQ/N8J0xdj+FBw5nvM6iGxilGesEO\nksWIFjizGIkyUjLa5HgGI0b7Hx+dLuTEcXQpd8P6tyFFiB3uzHjSYWhfTNVrSBtt\nHQxFwhaqCRn5NpTPkTSHXB3BCMqmyDdU1KobvOuj9Gc9nwyATQdBcIA+dunDwhvR\nBhduQIigkwM8PpJDLmy5L+XQxTHUnl3O4qgkfVLeWgVTAVMdipBkwYw/Xz5E1zL9\nRN3eIDfZOHsINxDMWk/PwYrgtR4IcheeEAUMr2bc1KdrrxUDZgAHho0qWZmhQMHb\npqdzmyICxc+t7QQIKezV2fU1dn5VgsI=\n-----END PRIVATE KEY-----\n",
            "public_key_fingerprint_md5": "ca:2b:25:0f:8d:1f:f3:a3:f1:ab:07:26:24:26:3c:71",
            "public_key_fingerprint_sha256": "SHA256:uyTuTyHBpdQK2K1uiglnk0+ettxVc8bXl+DOl0WQQXs",
            "public_key_openssh": "ssh-rsa AAAAB3NzaC1yc2EAAAADAQABAAACAQDzWgUyeuB7Y0Cd2MieuqnTvMDtWu1lhTK7UyHwZwYOb/6a9NrfshA7NUa4p82hBNzAOVMVyfgldOtTHZu48YlFxRniEiLZb4OBTQsODEYBV8n9zn8nmVHtQiqmW4GpnLgu/okgvUvW1bqVOoHQRlL5XLqRIYnWQpuwvT9K+9IxrfJ4R4fucfPxekwf5LHqmyFuTthx2Xxa69dIYVEvtAtIapJicuuesdqbDXRmASWwJDG+2ZpH2inADCN6cIJjTpI9zGqSqHM5nkidU4j86whVfM6SCn92lCeWvwvTM0qgSm5XTHjPeHlMrAKX3Cy88WH36pE+zDffGvdSN4Gz6XkUlHp9qfiXFrm3ov3cJuUK2LGKCkuvUEUuA9Q4sOCp/IDd3HT3/FKx8XXiKMvagHAiCZIE6S7zzCdVkT2W9kHGAUUGfCbBGQk3yW54WAC85Dq7GrVdxxtLG/w7cseJPRCw1oUcpF1IeGdzbKoSqagQcDzIfTm5uimAehaLOIMKSgB+zIQuDpdosSy6a4uFDGNA+jylS+S+qGUQ+badEFCvUIYBoyGOVC0SQB6ypCtFbiwStcEb5er9TNMXowUVJNk+nv/Gz5pwL521L+Gd3Tb7QfHlU/7VzujXKFewSm/tM3WvZX6bVKHAtf8V167qoGi3iaoqVBnDydgAsn+mBEqK/Q==\n",
            "public_key_pem": "-----BEGIN PUBLIC KEY-----\nMIICIjANBgkqhkiG9w0BAQEFAAOCAg8AMIICCgKCAgEA81oFMnrge2NAndjInrqp\n07zA7VrtZYUyu1Mh8GcGDm/+mvTa37IQOzVGuKfNoQTcwDlTFcn4JXTrUx2buPGJ\nRcUZ4hIi2W+DgU0LDgxGAVfJ/c5/J5lR7UIqpluBqZy4Lv6JIL1L1tW6lTqB0EZS\n+Vy6kSGJ1kKbsL0/SvvSMa3yeEeH7nHz8XpMH+Sx6pshbk7Ycdl8WuvXSGFRL7QL\nSGqSYnLrnrHamw10ZgElsCQxvtmaR9opwAwjenCCY06SPcxqkqhzOZ5InVOI/OsI\nVXzOkgp/dpQnlr8L0zNKoEpuV0x4z3h5TKwCl9wsvPFh9+qRPsw33xr3UjeBs+l5\nFJR6fan4lxa5t6L93CblCtixigpLr1BFLgPUOLDgqfyA3dx09/xSsfF14ijL2oBw\nIgmSBOku88wnVZE9lvZBxgFFBnwmwRkJN8lueFgAvOQ6uxq1XccbSxv8O3LHiT0Q\nsNaFHKRdSHhnc2yqEqmoEHA8yH05ubopgHoWiziDCkoAfsyELg6XaLEsumuLhQxj\nQPo8pUvkvqhlEPm2nRBQr1CGAaMhjlQtEkAesqQrRW4sErXBG+Xq/UzTF6MFFSTZ\nPp7/xs+acC+dtS/hnd02+0Hx5VP+1c7o1yhXsEpv7TN1r2V+m1ShwLX/Fdeu6qBo\nt4mqKlQZw8nYALJ/pgRKiv0CAwEAAQ==\n-----END PUBLIC KEY-----\n",
            "rsa_bits": 4096
          },
          "sensitive_attributes": [
            [
              {
                "type": "get_attr",
                "value": "private_key_openssh"
              }
            ],
            [
              {
                "type": "get_attr",
                "value": "private_key_pem"
              }
            ],
            [
              {
                "type": "get_attr",
                "value": "private_key_pem_pkcs8"
              }
            ]
          ],
          "identity_schema_version": 0
        }
      ]
    }
  ],
  "check_results": null
}
